# This file is automatically @generated by Cargo.
# It is not intended for manual editing.
version = 4

[[package]]
name = "watoots"
version = "0.0.0"

[[package]]
name = "watoots-capi"
version = "0.0.0"

[[package]]
name = "watoots-cli"
version = "0.0.0"

[[package]]
name = "watoots-trace"
version = "0.0.0"
